
Microsoft Visual Studio Solution File, Format Version 12.00
# Visual Studio Version 16
VisualStudioVersion = 16.0.31410.357
MinimumVisualStudioVersion = 10.0.40219.1
Project("{9A19103F-16F7-4668-BE54-9A1E7A4F7556}") = "Imber Corporation", "Imber Corporation.csproj", "{6FC414AC-AC48-497D-ADCB-C7CFD5C7F303}"
EndProject
Global
	GlobalSection(SolutionConfigurationPlatforms) = preSolution
		Debug|Any CPU = Debug|Any CPU
		Release|Any CPU = Release|Any CPU
	EndGlobalSection
	GlobalSection(ProjectConfigurationPlatforms) = postSolution
		{6FC414AC-AC48-497D-ADCB-C7CFD5C7F303}.Debug|Any CPU.ActiveCfg = Debug|Any CPU
		{6FC414AC-AC48-497D-ADCB-C7CFD5C7F303}.Debug|Any CPU.Build.0 = Debug|Any CPU
		{6FC414AC-AC48-497D-ADCB-C7CFD5C7F303}.Release|Any CPU.ActiveCfg = Release|Any CPU
		{6FC414AC-AC48-497D-ADCB-C7CFD5C7F303}.Release|Any CPU.Build.0 = Release|Any CPU
	EndGlobalSection
	GlobalSection(SolutionProperties) = preSolution
		HideSolutionNode = FALSE
	EndGlobalSection
	GlobalSection(ExtensibilityGlobals) = postSolution
		SolutionGuid = {129A75D2-72DB-4413-BEB2-B54DB18E3293}
	EndGlobalSection
EndGlobal
